
Microsoft Visual Studio Solution File, Format Version 12.00
# Visual Studio 16
Project("{FAE04EC0-301F-11D3-BF4B-00C04F79EFBC}") = "Assembly-CSharp", "Assembly-CSharp.csproj", "{AF05339E-EC98-4F4E-992E-6DC950905BBC}"
EndProject
Project("{FAE04EC0-301F-11D3-BF4B-00C04F79EFBC}") = "Assembly-CSharp-Editor", "Assembly-CSharp-Editor.csproj", "{2BEC9A81-B340-B699-0856-BA04B888E771}"
EndProject
Global
	GlobalSection(SolutionConfigurationPlatforms) = preSolution
		Debug|Any CPU = Debug|Any CPU
		Release|Any CPU = Release|Any CPU
	EndGlobalSection
	GlobalSection(ProjectConfigurationPlatforms) = postSolution
		{AF05339E-EC98-4F4E-992E-6DC950905BBC}.Debug|Any CPU.ActiveCfg = Debug|Any CPU
		{AF05339E-EC98-4F4E-992E-6DC950905BBC}.Debug|Any CPU.Build.0 = Debug|Any CPU
		{AF05339E-EC98-4F4E-992E-6DC950905BBC}.Release|Any CPU.ActiveCfg = Release|Any CPU
		{AF05339E-EC98-4F4E-992E-6DC950905BBC}.Release|Any CPU.Build.0 = Release|Any CPU
		{2BEC9A81-B340-B699-0856-BA04B888E771}.Debug|Any CPU.ActiveCfg = Debug|Any CPU
		{2BEC9A81-B340-B699-0856-BA04B888E771}.Debug|Any CPU.Build.0 = Debug|Any CPU
		{2BEC9A81-B340-B699-0856-BA04B888E771}.Release|Any CPU.ActiveCfg = Release|Any CPU
		{2BEC9A81-B340-B699-0856-BA04B888E771}.Release|Any CPU.Build.0 = Release|Any CPU
	EndGlobalSection
	GlobalSection(SolutionProperties) = preSolution
		HideSolutionNode = FALSE
	EndGlobalSection
EndGlobal
